# @generated - this file is auto-generated by `mise lock` https://mise.jdx.dev/dev-tools/mise-lock.html

[[tools.aube]]
version = "1.0.0-beta.11"
backend = "github:endevco/aube"

[tools.aube."platforms.linux-arm64"]
checksum = "sha256:9ea60d200d001f617acd49c5ca827716117c9fb5334abaf3e50fb79296de1d6b"
url = "https://github.com/endevco/aube/releases/download/v1.0.0-beta.11/aube-v1.0.0-beta.11-aarch64-unknown-linux-gnu.tar.gz"
url_api = "https://api.github.com/repos/endevco/aube/releases/assets/401716091"

[tools.aube."platforms.linux-arm64-musl"]
checksum = "sha256:9ea60d200d001f617acd49c5ca827716117c9fb5334abaf3e50fb79296de1d6b"
url = "https://github.com/endevco/aube/releases/download/v1.0.0-beta.11/aube-v1.0.0-beta.11-aarch64-unknown-linux-gnu.tar.gz"
url_api = "https://api.github.com/repos/endevco/aube/releases/assets/401716091"

[tools.aube."platforms.linux-x64"]
checksum = "sha256:c9d15fb087326074599c6d9e45139f9b243ae051b03023d4e8804caf952ae365"
url = "https://github.com/endevco/aube/releases/download/v1.0.0-beta.11/aube-v1.0.0-beta.11-x86_64-unknown-linux-gnu.tar.gz"
url_api = "https://api.github.com/repos/endevco/aube/releases/assets/401716051"

[tools.aube."platforms.linux-x64-baseline"]
checksum = "sha256:c9d15fb087326074599c6d9e45139f9b243ae051b03023d4e8804caf952ae365"
url = "https://github.com/endevco/aube/releases/download/v1.0.0-beta.11/aube-v1.0.0-beta.11-x86_64-unknown-linux-gnu.tar.gz"
url_api = "https://api.github.com/repos/endevco/aube/releases/assets/401716051"

[tools.aube."platforms.linux-x64-musl"]
checksum = "sha256:c9d15fb087326074599c6d9e45139f9b243ae051b03023d4e8804caf952ae365"
url = "https://github.com/endevco/aube/releases/download/v1.0.0-beta.11/aube-v1.0.0-beta.11-x86_64-unknown-linux-gnu.tar.gz"
url_api = "https://api.github.com/repos/endevco/aube/releases/assets/401716051"

[tools.aube."platforms.linux-x64-musl-baseline"]
checksum = "sha256:c9d15fb087326074599c6d9e45139f9b243ae051b03023d4e8804caf952ae365"
url = "https://github.com/endevco/aube/releases/download/v1.0.0-beta.11/aube-v1.0.0-beta.11-x86_64-unknown-linux-gnu.tar.gz"
url_api = "https://api.github.com/repos/endevco/aube/releases/assets/401716051"

[tools.aube."platforms.macos-arm64"]
checksum = "sha256:9c0ad71d8f394758b0bedca1797649774a0fa209eed7aa66c40c0b1c9e50aae6"
url = "https://github.com/endevco/aube/releases/download/v1.0.0-beta.11/aube-v1.0.0-beta.11-aarch64-apple-darwin.tar.gz"
url_api = "https://api.github.com/repos/endevco/aube/releases/assets/401716623"

[tools.aube."platforms.windows-x64"]
checksum = "sha256:ae27f5aa773f0e6e177a2b9ce20dc35ea1136cde17f4f1c61e85f687920de00f"
url = "https://github.com/endevco/aube/releases/download/v1.0.0-beta.11/aube-v1.0.0-beta.11-x86_64-pc-windows-msvc.zip"
url_api = "https://api.github.com/repos/endevco/aube/releases/assets/401717682"

[tools.aube."platforms.windows-x64-baseline"]
checksum = "sha256:ae27f5aa773f0e6e177a2b9ce20dc35ea1136cde17f4f1c61e85f687920de00f"
url = "https://github.com/endevco/aube/releases/download/v1.0.0-beta.11/aube-v1.0.0-beta.11-x86_64-pc-windows-msvc.zip"
url_api = "https://api.github.com/repos/endevco/aube/releases/assets/401717682"

[[tools.bun]]
version = "1.3.12"
backend = "core:bun"

[tools.bun."platforms.linux-arm64"]
checksum = "sha256:c40bc0ebca11bde7d75af497a654a874d0c7fd8d6a8d6031c173c10c9064297b"
url = "https://github.com/oven-sh/bun/releases/download/bun-v1.3.12/bun-linux-aarch64.zip"

[tools.bun."platforms.linux-arm64-musl"]
checksum = "sha256:731baab945bc471c17248ea375e66f71442879d2595c54045b3e861f4e8b9ab1"
url = "https://github.com/oven-sh/bun/releases/download/bun-v1.3.12/bun-linux-aarch64-musl.zip"

[tools.bun."platforms.linux-x64"]
checksum = "sha256:11dc3ee11bc1695e149737c6ca3d5619302cf4346e6b8a6ec7988967ef01ddc5"
url = "https://github.com/oven-sh/bun/releases/download/bun-v1.3.12/bun-linux-x64.zip"

[tools.bun."platforms.linux-x64-baseline"]
checksum = "sha256:f8bb377a9ae93d44697ff91a2611164d2aedc9263415d623b0c3af24a6f55dab"
url = "https://github.com/oven-sh/bun/releases/download/bun-v1.3.12/bun-linux-x64-baseline.zip"

[tools.bun."platforms.linux-x64-musl"]
checksum = "sha256:5a9f9a2102d4bd0d5210b4f6bd345151d2310623947085177c1b306e8587dce6"
url = "https://github.com/oven-sh/bun/releases/download/bun-v1.3.12/bun-linux-x64-musl.zip"

[tools.bun."platforms.linux-x64-musl-baseline"]
checksum = "sha256:a95e079aef96f1387b86e27b69f9a6babbd08154d9a59483f29d9de285b8e3ad"
url = "https://github.com/oven-sh/bun/releases/download/bun-v1.3.12/bun-linux-x64-musl-baseline.zip"

[tools.bun."platforms.macos-arm64"]
checksum = "sha256:6c4bb87dd013ed1a8d6a16e357a3d094959fd5530b4d7061f7f3680c3c7cea1c"
url = "https://github.com/oven-sh/bun/releases/download/bun-v1.3.12/bun-darwin-aarch64.zip"

[tools.bun."platforms.macos-x64"]
checksum = "sha256:0f58c53a3e7947f1e626d2f8d285f97c14b7cadcca9c09ebafc0ae9d35b58c3d"
url = "https://github.com/oven-sh/bun/releases/download/bun-v1.3.12/bun-darwin-x64.zip"

[tools.bun."platforms.macos-x64-baseline"]
checksum = "sha256:cc4e22130c2bc2d944d3a286de08f2ed37fa74136e59760f3a4661e610246474"
url = "https://github.com/oven-sh/bun/releases/download/bun-v1.3.12/bun-darwin-x64-baseline.zip"

[tools.bun."platforms.windows-x64"]
checksum = "sha256:841ff9c5dffcaa3a2620d1e3f87ee500f32a4ca830b001cade7a3479609d4a89"
url = "https://github.com/oven-sh/bun/releases/download/bun-v1.3.12/bun-windows-x64.zip"

[tools.bun."platforms.windows-x64-baseline"]
checksum = "sha256:2d3d5f88a95943563f56f3643c8f4e2422261018f6d915329bb2fb33f7256ba2"
url = "https://github.com/oven-sh/bun/releases/download/bun-v1.3.12/bun-windows-x64-baseline.zip"

[[tools.cargo-binstall]]
version = "1.18.1"
backend = "aqua:cargo-bins/cargo-binstall"

[tools.cargo-binstall."platforms.linux-arm64"]
checksum = "sha256:c55962a0115f9716b709216de7f8bdd59d6ba8738779e60b051b4593f677717a"
url = "https://github.com/cargo-bins/cargo-binstall/releases/download/v1.18.1/cargo-binstall-aarch64-unknown-linux-musl.tgz"

[tools.cargo-binstall."platforms.linux-arm64-musl"]
checksum = "sha256:c55962a0115f9716b709216de7f8bdd59d6ba8738779e60b051b4593f677717a"
url = "https://github.com/cargo-bins/cargo-binstall/releases/download/v1.18.1/cargo-binstall-aarch64-unknown-linux-musl.tgz"

[tools.cargo-binstall."platforms.linux-x64"]
checksum = "sha256:cf2a4b54494ea8555d6349685e9a301efc1051d9fba6308c76914b2486f8700f"
url = "https://github.com/cargo-bins/cargo-binstall/releases/download/v1.18.1/cargo-binstall-x86_64-unknown-linux-musl.tgz"

[tools.cargo-binstall."platforms.linux-x64-baseline"]
checksum = "sha256:cf2a4b54494ea8555d6349685e9a301efc1051d9fba6308c76914b2486f8700f"
url = "https://github.com/cargo-bins/cargo-binstall/releases/download/v1.18.1/cargo-binstall-x86_64-unknown-linux-musl.tgz"

[tools.cargo-binstall."platforms.linux-x64-musl"]
checksum = "sha256:cf2a4b54494ea8555d6349685e9a301efc1051d9fba6308c76914b2486f8700f"
url = "https://github.com/cargo-bins/cargo-binstall/releases/download/v1.18.1/cargo-binstall-x86_64-unknown-linux-musl.tgz"

[tools.cargo-binstall."platforms.linux-x64-musl-baseline"]
checksum = "sha256:cf2a4b54494ea8555d6349685e9a301efc1051d9fba6308c76914b2486f8700f"
url = "https://github.com/cargo-bins/cargo-binstall/releases/download/v1.18.1/cargo-binstall-x86_64-unknown-linux-musl.tgz"

[tools.cargo-binstall."platforms.macos-arm64"]
checksum = "sha256:955abf167994c90f3547e233edace4c0f794465dd4aa408249b38999aa5ca3cf"
url = "https://github.com/cargo-bins/cargo-binstall/releases/download/v1.18.1/cargo-binstall-aarch64-apple-darwin.zip"

[tools.cargo-binstall."platforms.macos-x64"]
checksum = "sha256:e06370bec7143668653bb7c09d0b8b689fc703dd4fa58ec5847c4b571d8a490d"
url = "https://github.com/cargo-bins/cargo-binstall/releases/download/v1.18.1/cargo-binstall-x86_64-apple-darwin.zip"

[tools.cargo-binstall."platforms.macos-x64-baseline"]
checksum = "sha256:e06370bec7143668653bb7c09d0b8b689fc703dd4fa58ec5847c4b571d8a490d"
url = "https://github.com/cargo-bins/cargo-binstall/releases/download/v1.18.1/cargo-binstall-x86_64-apple-darwin.zip"

[tools.cargo-binstall."platforms.windows-x64"]
checksum = "sha256:89706aa5215c164d8d091597a470fee72308ac87e8553af395ea77db844a888c"
url = "https://github.com/cargo-bins/cargo-binstall/releases/download/v1.18.1/cargo-binstall-x86_64-pc-windows-msvc.zip"

[tools.cargo-binstall."platforms.windows-x64-baseline"]
checksum = "sha256:89706aa5215c164d8d091597a470fee72308ac87e8553af395ea77db844a888c"
url = "https://github.com/cargo-bins/cargo-binstall/releases/download/v1.18.1/cargo-binstall-x86_64-pc-windows-msvc.zip"

[[tools.cargo-insta]]
version = "1.47.2"
backend = "aqua:mitsuhiko/insta"

[tools.cargo-insta."platforms.linux-x64"]
checksum = "sha256:1c2a2e82200b430f6fa27b6d0ba0059573eae2f32b0b8aa54446184ab7b46ee7"
url = "https://github.com/mitsuhiko/insta/releases/download/1.47.2/cargo-insta-x86_64-unknown-linux-musl.tar.xz"

[tools.cargo-insta."platforms.linux-x64-baseline"]
checksum = "sha256:1c2a2e82200b430f6fa27b6d0ba0059573eae2f32b0b8aa54446184ab7b46ee7"
url = "https://github.com/mitsuhiko/insta/releases/download/1.47.2/cargo-insta-x86_64-unknown-linux-musl.tar.xz"

[tools.cargo-insta."platforms.linux-x64-musl"]
checksum = "sha256:1c2a2e82200b430f6fa27b6d0ba0059573eae2f32b0b8aa54446184ab7b46ee7"
url = "https://github.com/mitsuhiko/insta/releases/download/1.47.2/cargo-insta-x86_64-unknown-linux-musl.tar.xz"

[tools.cargo-insta."platforms.linux-x64-musl-baseline"]
checksum = "sha256:1c2a2e82200b430f6fa27b6d0ba0059573eae2f32b0b8aa54446184ab7b46ee7"
url = "https://github.com/mitsuhiko/insta/releases/download/1.47.2/cargo-insta-x86_64-unknown-linux-musl.tar.xz"

[tools.cargo-insta."platforms.macos-arm64"]
checksum = "sha256:4876319b5201b875188351445b754db09f7674b506daa983634c95d6d44ca51e"
url = "https://github.com/mitsuhiko/insta/releases/download/1.47.2/cargo-insta-aarch64-apple-darwin.tar.xz"

[tools.cargo-insta."platforms.macos-x64"]
checksum = "sha256:62efa25c4e9f8182c16ae46f58bc3e9c8fdbe74aaf0409d3ed06909a70d128a5"
url = "https://github.com/mitsuhiko/insta/releases/download/1.47.2/cargo-insta-x86_64-apple-darwin.tar.xz"

[tools.cargo-insta."platforms.macos-x64-baseline"]
checksum = "sha256:62efa25c4e9f8182c16ae46f58bc3e9c8fdbe74aaf0409d3ed06909a70d128a5"
url = "https://github.com/mitsuhiko/insta/releases/download/1.47.2/cargo-insta-x86_64-apple-darwin.tar.xz"

[tools.cargo-insta."platforms.windows-x64"]
checksum = "sha256:2f2ffcdda5608f78de53509bdd6a5feba185dad9490b5aad951c35bf8c37fa9e"
url = "https://github.com/mitsuhiko/insta/releases/download/1.47.2/cargo-insta-x86_64-pc-windows-msvc.zip"

[tools.cargo-insta."platforms.windows-x64-baseline"]
checksum = "sha256:2f2ffcdda5608f78de53509bdd6a5feba185dad9490b5aad951c35bf8c37fa9e"
url = "https://github.com/mitsuhiko/insta/releases/download/1.47.2/cargo-insta-x86_64-pc-windows-msvc.zip"

[[tools."cargo:cargo-edit"]]
version = "0.13.9"
backend = "cargo:cargo-edit"

[[tools."cargo:cargo-nextest"]]
version = "0.9.133"
backend = "cargo:cargo-nextest"

[[tools.claude-code]]
version = "2.1.117"
backend = "aqua:anthropics/claude-code"

[tools.claude-code."platforms.linux-arm64"]
url = "https://storage.googleapis.com/claude-code-dist-86c565f3-f756-42ad-8dfa-d59b1c096819/claude-code-releases/2.1.117/linux-arm64/claude"

[tools.claude-code."platforms.linux-arm64-musl"]
url = "https://storage.googleapis.com/claude-code-dist-86c565f3-f756-42ad-8dfa-d59b1c096819/claude-code-releases/2.1.117/linux-arm64/claude"

[tools.claude-code."platforms.linux-x64"]
url = "https://storage.googleapis.com/claude-code-dist-86c565f3-f756-42ad-8dfa-d59b1c096819/claude-code-releases/2.1.117/linux-x64/claude"

[tools.claude-code."platforms.linux-x64-baseline"]
url = "https://storage.googleapis.com/claude-code-dist-86c565f3-f756-42ad-8dfa-d59b1c096819/claude-code-releases/2.1.117/linux-x64/claude"

[tools.claude-code."platforms.linux-x64-musl"]
url = "https://storage.googleapis.com/claude-code-dist-86c565f3-f756-42ad-8dfa-d59b1c096819/claude-code-releases/2.1.117/linux-x64/claude"

[tools.claude-code."platforms.linux-x64-musl-baseline"]
url = "https://storage.googleapis.com/claude-code-dist-86c565f3-f756-42ad-8dfa-d59b1c096819/claude-code-releases/2.1.117/linux-x64/claude"

[tools.claude-code."platforms.macos-arm64"]
url = "https://storage.googleapis.com/claude-code-dist-86c565f3-f756-42ad-8dfa-d59b1c096819/claude-code-releases/2.1.117/darwin-arm64/claude"

[tools.claude-code."platforms.macos-x64"]
url = "https://storage.googleapis.com/claude-code-dist-86c565f3-f756-42ad-8dfa-d59b1c096819/claude-code-releases/2.1.117/darwin-x64/claude"

[tools.claude-code."platforms.macos-x64-baseline"]
url = "https://storage.googleapis.com/claude-code-dist-86c565f3-f756-42ad-8dfa-d59b1c096819/claude-code-releases/2.1.117/darwin-x64/claude"

[[tools.cosign]]
version = "3.0.6"
backend = "aqua:sigstore/cosign"

[tools.cosign."platforms.linux-arm64"]
checksum = "sha256:bedac92e8c3729864e13d4a17048007cfafa79d5deca993a43a90ffe018ef2b8"
url = "https://github.com/sigstore/cosign/releases/download/v3.0.6/cosign-linux-arm64"
provenance = "cosign"

[tools.cosign."platforms.linux-arm64-musl"]
checksum = "sha256:bedac92e8c3729864e13d4a17048007cfafa79d5deca993a43a90ffe018ef2b8"
url = "https://github.com/sigstore/cosign/releases/download/v3.0.6/cosign-linux-arm64"
provenance = "cosign"

[tools.cosign."platforms.linux-x64"]
checksum = "sha256:c956e5dfcac53d52bcf058360d579472f0c1d2d9b69f55209e256fe7783f4c74"
url = "https://github.com/sigstore/cosign/releases/download/v3.0.6/cosign-linux-amd64"
provenance = "cosign"

[tools.cosign."platforms.linux-x64-baseline"]
checksum = "sha256:c956e5dfcac53d52bcf058360d579472f0c1d2d9b69f55209e256fe7783f4c74"
url = "https://github.com/sigstore/cosign/releases/download/v3.0.6/cosign-linux-amd64"
provenance = "cosign"

[tools.cosign."platforms.linux-x64-musl"]
checksum = "sha256:c956e5dfcac53d52bcf058360d579472f0c1d2d9b69f55209e256fe7783f4c74"
url = "https://github.com/sigstore/cosign/releases/download/v3.0.6/cosign-linux-amd64"
provenance = "cosign"

[tools.cosign."platforms.linux-x64-musl-baseline"]
checksum = "sha256:c956e5dfcac53d52bcf058360d579472f0c1d2d9b69f55209e256fe7783f4c74"
url = "https://github.com/sigstore/cosign/releases/download/v3.0.6/cosign-linux-amd64"
provenance = "cosign"

[tools.cosign."platforms.macos-arm64"]
checksum = "sha256:5fadd012ae6381a6a29ff86a7d39aa873878852f1073fc90b15995961ecfb084"
url = "https://github.com/sigstore/cosign/releases/download/v3.0.6/cosign-darwin-arm64"
provenance = "cosign"

[tools.cosign."platforms.macos-x64"]
checksum = "sha256:4c3e7af8372d3ca3296e62fa56f23fcbb5721cc6ac1827900d398f110d7cd280"
url = "https://github.com/sigstore/cosign/releases/download/v3.0.6/cosign-darwin-amd64"
provenance = "cosign"

[tools.cosign."platforms.macos-x64-baseline"]
checksum = "sha256:4c3e7af8372d3ca3296e62fa56f23fcbb5721cc6ac1827900d398f110d7cd280"
url = "https://github.com/sigstore/cosign/releases/download/v3.0.6/cosign-darwin-amd64"
provenance = "cosign"

[tools.cosign."platforms.windows-x64"]
checksum = "sha256:9b85a88ebff2d9dd30ff4984a6f61f2cedc232dd87d81fa7f2ff3c0ed96c241c"
url = "https://github.com/sigstore/cosign/releases/download/v3.0.6/cosign-windows-amd64.exe"
provenance = "cosign"

[tools.cosign."platforms.windows-x64-baseline"]
checksum = "sha256:9b85a88ebff2d9dd30ff4984a6f61f2cedc232dd87d81fa7f2ff3c0ed96c241c"
url = "https://github.com/sigstore/cosign/releases/download/v3.0.6/cosign-windows-amd64.exe"
provenance = "cosign"

[[tools.go]]
version = "1.26.2"
backend = "core:go"

[tools.go."platforms.linux-arm64"]
checksum = "sha256:c958a1fe1b361391db163a485e21f5f228142d6f8b584f6bef89b26f66dc5b23"
url = "https://dl.google.com/go/go1.26.2.linux-arm64.tar.gz"

[tools.go."platforms.linux-arm64-musl"]
checksum = "sha256:c958a1fe1b361391db163a485e21f5f228142d6f8b584f6bef89b26f66dc5b23"
url = "https://dl.google.com/go/go1.26.2.linux-arm64.tar.gz"

[tools.go."platforms.linux-x64"]
checksum = "sha256:990e6b4bbba816dc3ee129eaeaf4b42f17c2800b88a2166c265ac1a200262282"
url = "https://dl.google.com/go/go1.26.2.linux-amd64.tar.gz"

[tools.go."platforms.linux-x64-baseline"]
checksum = "sha256:990e6b4bbba816dc3ee129eaeaf4b42f17c2800b88a2166c265ac1a200262282"
url = "https://dl.google.com/go/go1.26.2.linux-amd64.tar.gz"

[tools.go."platforms.linux-x64-musl"]
checksum = "sha256:990e6b4bbba816dc3ee129eaeaf4b42f17c2800b88a2166c265ac1a200262282"
url = "https://dl.google.com/go/go1.26.2.linux-amd64.tar.gz"

[tools.go."platforms.linux-x64-musl-baseline"]
checksum = "sha256:990e6b4bbba816dc3ee129eaeaf4b42f17c2800b88a2166c265ac1a200262282"
url = "https://dl.google.com/go/go1.26.2.linux-amd64.tar.gz"

[tools.go."platforms.macos-arm64"]
checksum = "sha256:32af1522bf3e3ff3975864780a429cc0b41d190ec7bf90faa661d6d64566e7af"
url = "https://dl.google.com/go/go1.26.2.darwin-arm64.tar.gz"

[tools.go."platforms.macos-x64"]
checksum = "sha256:bc3f1500d9968c36d705442d90ba91addf9271665033748b82532682e90a7966"
url = "https://dl.google.com/go/go1.26.2.darwin-amd64.tar.gz"

[tools.go."platforms.macos-x64-baseline"]
checksum = "sha256:bc3f1500d9968c36d705442d90ba91addf9271665033748b82532682e90a7966"
url = "https://dl.google.com/go/go1.26.2.darwin-amd64.tar.gz"

[tools.go."platforms.windows-x64"]
checksum = "sha256:98eb3570bade15cb826b0909338df6cc6d2cf590bc39c471142002db3832b708"
url = "https://dl.google.com/go/go1.26.2.windows-amd64.zip"

[tools.go."platforms.windows-x64-baseline"]
checksum = "sha256:98eb3570bade15cb826b0909338df6cc6d2cf590bc39c471142002db3832b708"
url = "https://dl.google.com/go/go1.26.2.windows-amd64.zip"

[[tools."go:github.com/spf13/cobra-cli"]]
version = "1.3.0"
backend = "go:github.com/spf13/cobra-cli"

[[tools.node]]
version = "25.9.0"
backend = "core:node"

[tools.node."platforms.linux-arm64"]
checksum = "sha256:8fb4283301b8c720fc9f18bffff0f659e72cc14d0cf207a3bb411808aaa73a57"
url = "https://nodejs.org/dist/v25.9.0/node-v25.9.0-linux-arm64.tar.gz"

[tools.node."platforms.linux-arm64-musl"]
checksum = "sha256:8fb4283301b8c720fc9f18bffff0f659e72cc14d0cf207a3bb411808aaa73a57"
url = "https://nodejs.org/dist/v25.9.0/node-v25.9.0-linux-arm64.tar.gz"

[tools.node."platforms.linux-x64"]
checksum = "sha256:134e55b2408448a219760fe04dc44d6851f9de8a79549021ffd870e9082d9e7b"
url = "https://nodejs.org/dist/v25.9.0/node-v25.9.0-linux-x64.tar.gz"

[tools.node."platforms.linux-x64-baseline"]
checksum = "sha256:134e55b2408448a219760fe04dc44d6851f9de8a79549021ffd870e9082d9e7b"
url = "https://nodejs.org/dist/v25.9.0/node-v25.9.0-linux-x64.tar.gz"

[tools.node."platforms.linux-x64-musl"]
checksum = "sha256:134e55b2408448a219760fe04dc44d6851f9de8a79549021ffd870e9082d9e7b"
url = "https://nodejs.org/dist/v25.9.0/node-v25.9.0-linux-x64.tar.gz"

[tools.node."platforms.linux-x64-musl-baseline"]
checksum = "sha256:134e55b2408448a219760fe04dc44d6851f9de8a79549021ffd870e9082d9e7b"
url = "https://nodejs.org/dist/v25.9.0/node-v25.9.0-linux-x64.tar.gz"

[tools.node."platforms.macos-arm64"]
checksum = "sha256:e479f3c469d3d9303a44f00a8ea37a3788395d171bb8059c48a4bbbd2e371b59"
url = "https://nodejs.org/dist/v25.9.0/node-v25.9.0-darwin-arm64.tar.gz"

[tools.node."platforms.macos-x64"]
checksum = "sha256:7d737b53ce191142bfa1c17cfa5b070d96e84eebf76b8dd06d84981cbdc3f7e3"
url = "https://nodejs.org/dist/v25.9.0/node-v25.9.0-darwin-x64.tar.gz"

[tools.node."platforms.macos-x64-baseline"]
checksum = "sha256:7d737b53ce191142bfa1c17cfa5b070d96e84eebf76b8dd06d84981cbdc3f7e3"
url = "https://nodejs.org/dist/v25.9.0/node-v25.9.0-darwin-x64.tar.gz"

[tools.node."platforms.windows-x64"]
checksum = "sha256:929552b8305effac843ba7b4270c437aefb702fc3fbd73fcd1bffd35d4ac284e"
url = "https://nodejs.org/dist/v25.9.0/node-v25.9.0-win-x64.zip"

[tools.node."platforms.windows-x64-baseline"]
checksum = "sha256:929552b8305effac843ba7b4270c437aefb702fc3fbd73fcd1bffd35d4ac284e"
url = "https://nodejs.org/dist/v25.9.0/node-v25.9.0-win-x64.zip"

[[tools."npm:@fission-ai/openspec"]]
version = "1.3.1"
backend = "npm:@fission-ai/openspec"

[[tools."npm:@mariozechner/pi-coding-agent"]]
version = "0.67.6"
backend = "npm:@mariozechner/pi-coding-agent"

[[tools."npm:@mcpjam/inspector"]]
version = "2.3.0"
backend = "npm:@mcpjam/inspector"

[[tools."npm:@mermaid-js/mermaid-cli"]]
version = "11.12.0"
backend = "npm:@mermaid-js/mermaid-cli"

[[tools."npm:@openai/codex"]]
version = "0.122.0"
backend = "npm:@openai/codex"

[[tools."npm:agent-browser"]]
version = "0.26.0"
backend = "npm:agent-browser"

[[tools."npm:ccstatusline"]]
version = "2.2.8"
backend = "npm:ccstatusline"

[[tools."npm:sort-package-json"]]
version = "3.6.1"
backend = "npm:sort-package-json"

[[tools.opencode]]
version = "1.14.20"
backend = "aqua:anomalyco/opencode"

[tools.opencode."platforms.linux-arm64"]
checksum = "sha256:3ca509044e06b8e7dacf08de735addee400788f80729c333fbf4581d0f77b4d3"
url = "https://github.com/anomalyco/opencode/releases/download/v1.14.20/opencode-linux-arm64.tar.gz"

[tools.opencode."platforms.linux-arm64-musl"]
checksum = "sha256:3ca509044e06b8e7dacf08de735addee400788f80729c333fbf4581d0f77b4d3"
url = "https://github.com/anomalyco/opencode/releases/download/v1.14.20/opencode-linux-arm64.tar.gz"

[tools.opencode."platforms.linux-x64"]
checksum = "sha256:1707133022382ea8c8cc5bc47ab1db52fa206bd9baf8d3ad4d862b489dbb448f"
url = "https://github.com/anomalyco/opencode/releases/download/v1.14.20/opencode-linux-x64.tar.gz"

[tools.opencode."platforms.linux-x64-baseline"]
checksum = "sha256:1707133022382ea8c8cc5bc47ab1db52fa206bd9baf8d3ad4d862b489dbb448f"
url = "https://github.com/anomalyco/opencode/releases/download/v1.14.20/opencode-linux-x64.tar.gz"

[tools.opencode."platforms.linux-x64-musl"]
checksum = "sha256:1707133022382ea8c8cc5bc47ab1db52fa206bd9baf8d3ad4d862b489dbb448f"
url = "https://github.com/anomalyco/opencode/releases/download/v1.14.20/opencode-linux-x64.tar.gz"

[tools.opencode."platforms.linux-x64-musl-baseline"]
checksum = "sha256:1707133022382ea8c8cc5bc47ab1db52fa206bd9baf8d3ad4d862b489dbb448f"
url = "https://github.com/anomalyco/opencode/releases/download/v1.14.20/opencode-linux-x64.tar.gz"

[tools.opencode."platforms.macos-arm64"]
checksum = "sha256:e6124c5c73576c678d24b09657b73281d96d67fc1c4ddd4714062811c51c81d5"
url = "https://github.com/anomalyco/opencode/releases/download/v1.14.20/opencode-darwin-arm64.zip"

[tools.opencode."platforms.macos-x64"]
checksum = "sha256:2d07563b69b6599507620d3aed1be8d49aacb8c11e66646617bb5f3f735d69a1"
url = "https://github.com/anomalyco/opencode/releases/download/v1.14.20/opencode-darwin-x64.zip"

[tools.opencode."platforms.macos-x64-baseline"]
checksum = "sha256:2d07563b69b6599507620d3aed1be8d49aacb8c11e66646617bb5f3f735d69a1"
url = "https://github.com/anomalyco/opencode/releases/download/v1.14.20/opencode-darwin-x64.zip"

[tools.opencode."platforms.windows-x64"]
checksum = "sha256:15f13c9ec92181c10053cbc7d44630d11c0b626ef2c240d90ea871320d58d1ed"
url = "https://github.com/anomalyco/opencode/releases/download/v1.14.20/opencode-windows-x64.zip"

[tools.opencode."platforms.windows-x64-baseline"]
checksum = "sha256:15f13c9ec92181c10053cbc7d44630d11c0b626ef2c240d90ea871320d58d1ed"
url = "https://github.com/anomalyco/opencode/releases/download/v1.14.20/opencode-windows-x64.zip"

[[tools.python]]
version = "3.14.4"
backend = "core:python"

[tools.python."platforms.linux-arm64"]
checksum = "sha256:b8b597fdb2f8dccdc502c11947b60a4b65eb6bce79cfa60c7ccf9b6e8352c60a"
url = "https://github.com/astral-sh/python-build-standalone/releases/download/20260414/cpython-3.14.4+20260414-aarch64-unknown-linux-gnu-install_only_stripped.tar.gz"
provenance = "github-attestations"

[tools.python."platforms.linux-arm64-musl"]
checksum = "sha256:b8b597fdb2f8dccdc502c11947b60a4b65eb6bce79cfa60c7ccf9b6e8352c60a"
url = "https://github.com/astral-sh/python-build-standalone/releases/download/20260414/cpython-3.14.4+20260414-aarch64-unknown-linux-gnu-install_only_stripped.tar.gz"
provenance = "github-attestations"

[tools.python."platforms.linux-x64"]
checksum = "sha256:fe9a9c32d13870af632cbac3dfc7528ae53597e94472aa4c7d6a42e8166136cd"
url = "https://github.com/astral-sh/python-build-standalone/releases/download/20260414/cpython-3.14.4+20260414-x86_64-unknown-linux-gnu-install_only_stripped.tar.gz"
provenance = "github-attestations"

[tools.python."platforms.linux-x64-baseline"]
checksum = "sha256:fe9a9c32d13870af632cbac3dfc7528ae53597e94472aa4c7d6a42e8166136cd"
url = "https://github.com/astral-sh/python-build-standalone/releases/download/20260414/cpython-3.14.4+20260414-x86_64-unknown-linux-gnu-install_only_stripped.tar.gz"

[tools.python."platforms.linux-x64-musl"]
checksum = "sha256:fe9a9c32d13870af632cbac3dfc7528ae53597e94472aa4c7d6a42e8166136cd"
url = "https://github.com/astral-sh/python-build-standalone/releases/download/20260414/cpython-3.14.4+20260414-x86_64-unknown-linux-gnu-install_only_stripped.tar.gz"
provenance = "github-attestations"

[tools.python."platforms.linux-x64-musl-baseline"]
checksum = "sha256:fe9a9c32d13870af632cbac3dfc7528ae53597e94472aa4c7d6a42e8166136cd"
url = "https://github.com/astral-sh/python-build-standalone/releases/download/20260414/cpython-3.14.4+20260414-x86_64-unknown-linux-gnu-install_only_stripped.tar.gz"

[tools.python."platforms.macos-arm64"]
checksum = "sha256:6f304f4ec30854611f23316578302235fb517cd970519ecdd11a8c4db87fd843"
url = "https://github.com/astral-sh/python-build-standalone/releases/download/20260414/cpython-3.14.4+20260414-aarch64-apple-darwin-install_only_stripped.tar.gz"
provenance = "github-attestations"

[tools.python."platforms.macos-x64"]
checksum = "sha256:d51250a32fa5d9f0799c7bcb71720c27b10a3afd4a7de288120f96085d508a5a"
url = "https://github.com/astral-sh/python-build-standalone/releases/download/20260414/cpython-3.14.4+20260414-x86_64-apple-darwin-install_only_stripped.tar.gz"
provenance = "github-attestations"

[tools.python."platforms.macos-x64-baseline"]
checksum = "sha256:d51250a32fa5d9f0799c7bcb71720c27b10a3afd4a7de288120f96085d508a5a"
url = "https://github.com/astral-sh/python-build-standalone/releases/download/20260414/cpython-3.14.4+20260414-x86_64-apple-darwin-install_only_stripped.tar.gz"

[tools.python."platforms.windows-x64"]
checksum = "sha256:a976991dcd085c1bb5d9a8084823a6bc8b7f9b079d8c432574a6ddd68c3a6fe1"
url = "https://github.com/astral-sh/python-build-standalone/releases/download/20260414/cpython-3.14.4+20260414-x86_64-pc-windows-msvc-install_only_stripped.tar.gz"
provenance = "github-attestations"

[tools.python."platforms.windows-x64-baseline"]
checksum = "sha256:a976991dcd085c1bb5d9a8084823a6bc8b7f9b079d8c432574a6ddd68c3a6fe1"
url = "https://github.com/astral-sh/python-build-standalone/releases/download/20260414/cpython-3.14.4+20260414-x86_64-pc-windows-msvc-install_only_stripped.tar.gz"

[[tools.rtk]]
version = "0.34.3"
backend = "github:rtk-ai/rtk"

[tools.rtk."platforms.linux-arm64"]
checksum = "sha256:0a3afae8435a352c32eaacb8ecd76953146928191fefc8b2de703f3adf10c9f8"
url = "https://github.com/rtk-ai/rtk/releases/download/v0.34.3/rtk-aarch64-unknown-linux-gnu.tar.gz"
url_api = "https://api.github.com/repos/rtk-ai/rtk/releases/assets/386902851"

[tools.rtk."platforms.linux-arm64-musl"]
checksum = "sha256:0a3afae8435a352c32eaacb8ecd76953146928191fefc8b2de703f3adf10c9f8"
url = "https://github.com/rtk-ai/rtk/releases/download/v0.34.3/rtk-aarch64-unknown-linux-gnu.tar.gz"
url_api = "https://api.github.com/repos/rtk-ai/rtk/releases/assets/386902851"

[tools.rtk."platforms.linux-x64"]
checksum = "sha256:a607c17bfdccc1d48dc94ca81cd3a545523329df6a378368fd175d8023425ea5"
url = "https://github.com/rtk-ai/rtk/releases/download/v0.34.3/rtk-x86_64-unknown-linux-musl.tar.gz"
url_api = "https://api.github.com/repos/rtk-ai/rtk/releases/assets/386902842"

[tools.rtk."platforms.linux-x64-baseline"]
checksum = "sha256:a607c17bfdccc1d48dc94ca81cd3a545523329df6a378368fd175d8023425ea5"
url = "https://github.com/rtk-ai/rtk/releases/download/v0.34.3/rtk-x86_64-unknown-linux-musl.tar.gz"
url_api = "https://api.github.com/repos/rtk-ai/rtk/releases/assets/386902842"

[tools.rtk."platforms.linux-x64-musl"]
checksum = "sha256:a607c17bfdccc1d48dc94ca81cd3a545523329df6a378368fd175d8023425ea5"
url = "https://github.com/rtk-ai/rtk/releases/download/v0.34.3/rtk-x86_64-unknown-linux-musl.tar.gz"
url_api = "https://api.github.com/repos/rtk-ai/rtk/releases/assets/386902842"

[tools.rtk."platforms.linux-x64-musl-baseline"]
checksum = "sha256:a607c17bfdccc1d48dc94ca81cd3a545523329df6a378368fd175d8023425ea5"
url = "https://github.com/rtk-ai/rtk/releases/download/v0.34.3/rtk-x86_64-unknown-linux-musl.tar.gz"
url_api = "https://api.github.com/repos/rtk-ai/rtk/releases/assets/386902842"

[tools.rtk."platforms.macos-arm64"]
checksum = "sha256:945f644a77e5da3367142a999c41a4fa448d0a4ae3e61c8a45094b8522dba047"
url = "https://github.com/rtk-ai/rtk/releases/download/v0.34.3/rtk-aarch64-apple-darwin.tar.gz"
url_api = "https://api.github.com/repos/rtk-ai/rtk/releases/assets/386902847"

[tools.rtk."platforms.macos-x64"]
checksum = "sha256:35928229a7fe064016b7cd567e9333278c661221e2a19180d4f1943516a8c1f1"
url = "https://github.com/rtk-ai/rtk/releases/download/v0.34.3/rtk-x86_64-apple-darwin.tar.gz"
url_api = "https://api.github.com/repos/rtk-ai/rtk/releases/assets/386902846"

[tools.rtk."platforms.macos-x64-baseline"]
checksum = "sha256:35928229a7fe064016b7cd567e9333278c661221e2a19180d4f1943516a8c1f1"
url = "https://github.com/rtk-ai/rtk/releases/download/v0.34.3/rtk-x86_64-apple-darwin.tar.gz"
url_api = "https://api.github.com/repos/rtk-ai/rtk/releases/assets/386902846"

[tools.rtk."platforms.windows-x64"]
checksum = "sha256:27fc7be1f90af050bc533dd77ff53bfe39a972206621ff217d27bcd671a6aac6"
url = "https://github.com/rtk-ai/rtk/releases/download/v0.34.3/rtk-x86_64-pc-windows-msvc.zip"
url_api = "https://api.github.com/repos/rtk-ai/rtk/releases/assets/386902845"

[tools.rtk."platforms.windows-x64-baseline"]
checksum = "sha256:27fc7be1f90af050bc533dd77ff53bfe39a972206621ff217d27bcd671a6aac6"
url = "https://github.com/rtk-ai/rtk/releases/download/v0.34.3/rtk-x86_64-pc-windows-msvc.zip"
url_api = "https://api.github.com/repos/rtk-ai/rtk/releases/assets/386902845"

[[tools.ruby]]
version = "4.0.2"
backend = "core:ruby"

[tools.ruby."platforms.linux-arm64"]
checksum = "sha256:f4bae6aba123a65817cb005d35f994781935f58d6388dd6bd3d5cd27f793a463"
url = "https://github.com/jdx/ruby/releases/download/4.0.2-1/ruby-4.0.2.arm64_linux.tar.gz"
provenance = "github-attestations"

[tools.ruby."platforms.linux-arm64-musl"]
checksum = "sha256:f4bae6aba123a65817cb005d35f994781935f58d6388dd6bd3d5cd27f793a463"
url = "https://github.com/jdx/ruby/releases/download/4.0.2-1/ruby-4.0.2.arm64_linux.tar.gz"
provenance = "github-attestations"

[tools.ruby."platforms.linux-x64"]
checksum = "sha256:4564603d7f314912091b01978627be183a16b057e3c98309eed0137c3b74601a"
url = "https://github.com/jdx/ruby/releases/download/4.0.2-1/ruby-4.0.2.x86_64_linux.tar.gz"
provenance = "github-attestations"

[tools.ruby."platforms.linux-x64-baseline"]
checksum = "sha256:4564603d7f314912091b01978627be183a16b057e3c98309eed0137c3b74601a"
url = "https://github.com/jdx/ruby/releases/download/4.0.2-1/ruby-4.0.2.x86_64_linux.tar.gz"

[tools.ruby."platforms.linux-x64-musl"]
checksum = "sha256:4564603d7f314912091b01978627be183a16b057e3c98309eed0137c3b74601a"
url = "https://github.com/jdx/ruby/releases/download/4.0.2-1/ruby-4.0.2.x86_64_linux.tar.gz"
provenance = "github-attestations"

[tools.ruby."platforms.linux-x64-musl-baseline"]
checksum = "sha256:4564603d7f314912091b01978627be183a16b057e3c98309eed0137c3b74601a"
url = "https://github.com/jdx/ruby/releases/download/4.0.2-1/ruby-4.0.2.x86_64_linux.tar.gz"

[tools.ruby."platforms.macos-arm64"]
checksum = "sha256:3719af6ceff6c1b977eecf5b48e398827ea82872377480684b75db5925b78493"
url = "https://github.com/jdx/ruby/releases/download/4.0.2-1/ruby-4.0.2.macos.tar.gz"
provenance = "github-attestations"

[tools.ruby."platforms.macos-x64"]
checksum = "sha256:51502b26b50b68df4963336ca41e368cde92c928faf91654de4c4c1791f82aac"
url = "https://cache.ruby-lang.org/pub/ruby/4.0/ruby-4.0.2.tar.gz"

[tools.ruby."platforms.macos-x64-baseline"]
checksum = "sha256:51502b26b50b68df4963336ca41e368cde92c928faf91654de4c4c1791f82aac"
url = "https://cache.ruby-lang.org/pub/ruby/4.0/ruby-4.0.2.tar.gz"

[tools.ruby."platforms.windows-x64"]
checksum = "sha256:f6c562d507b272b892055f35ece3cbc65de5f3f2f63d18b7345a602af8c1e655"
url = "https://github.com/oneclick/rubyinstaller2/releases/download/RubyInstaller-4.0.2-1/rubyinstaller-4.0.2-1-x64.7z"

[tools.ruby."platforms.windows-x64-baseline"]
checksum = "sha256:f6c562d507b272b892055f35ece3cbc65de5f3f2f63d18b7345a602af8c1e655"
url = "https://github.com/oneclick/rubyinstaller2/releases/download/RubyInstaller-4.0.2-1/rubyinstaller-4.0.2-1-x64.7z"

[[tools.rust]]
version = "1.95.0"
backend = "core:rust"

[[tools.slsa-verifier]]
version = "2.7.1"
backend = "aqua:slsa-framework/slsa-verifier"

[tools.slsa-verifier."platforms.linux-arm64"]
checksum = "sha256:5d3b2349ede7bfec19e7a21569f18b9f7410145ad12e9584b175370669e14061"
url = "https://github.com/slsa-framework/slsa-verifier/releases/download/v2.7.1/slsa-verifier-linux-arm64"

[tools.slsa-verifier."platforms.linux-arm64".provenance.slsa]
url = "https://github.com/slsa-framework/slsa-verifier/releases/download/v2.7.1/slsa-verifier-linux-arm64.intoto.jsonl"

[tools.slsa-verifier."platforms.linux-arm64-musl"]
checksum = "sha256:5d3b2349ede7bfec19e7a21569f18b9f7410145ad12e9584b175370669e14061"
url = "https://github.com/slsa-framework/slsa-verifier/releases/download/v2.7.1/slsa-verifier-linux-arm64"

[tools.slsa-verifier."platforms.linux-arm64-musl".provenance.slsa]
url = "https://github.com/slsa-framework/slsa-verifier/releases/download/v2.7.1/slsa-verifier-linux-arm64.intoto.jsonl"

[tools.slsa-verifier."platforms.linux-x64"]
checksum = "sha256:946dbec729094195e88ef78e1734324a27869f03e2c6bd2f61cbc06bd5350339"
url = "https://github.com/slsa-framework/slsa-verifier/releases/download/v2.7.1/slsa-verifier-linux-amd64"

[tools.slsa-verifier."platforms.linux-x64".provenance.slsa]
url = "https://github.com/slsa-framework/slsa-verifier/releases/download/v2.7.1/slsa-verifier-linux-amd64.intoto.jsonl"

[tools.slsa-verifier."platforms.linux-x64-baseline"]
checksum = "sha256:946dbec729094195e88ef78e1734324a27869f03e2c6bd2f61cbc06bd5350339"
url = "https://github.com/slsa-framework/slsa-verifier/releases/download/v2.7.1/slsa-verifier-linux-amd64"

[tools.slsa-verifier."platforms.linux-x64-baseline".provenance.slsa]
url = "https://github.com/slsa-framework/slsa-verifier/releases/download/v2.7.1/slsa-verifier-linux-amd64.intoto.jsonl"

[tools.slsa-verifier."platforms.linux-x64-musl"]
checksum = "sha256:946dbec729094195e88ef78e1734324a27869f03e2c6bd2f61cbc06bd5350339"
url = "https://github.com/slsa-framework/slsa-verifier/releases/download/v2.7.1/slsa-verifier-linux-amd64"

[tools.slsa-verifier."platforms.linux-x64-musl".provenance.slsa]
url = "https://github.com/slsa-framework/slsa-verifier/releases/download/v2.7.1/slsa-verifier-linux-amd64.intoto.jsonl"

[tools.slsa-verifier."platforms.linux-x64-musl-baseline"]
checksum = "sha256:946dbec729094195e88ef78e1734324a27869f03e2c6bd2f61cbc06bd5350339"
url = "https://github.com/slsa-framework/slsa-verifier/releases/download/v2.7.1/slsa-verifier-linux-amd64"

[tools.slsa-verifier."platforms.linux-x64-musl-baseline".provenance.slsa]
url = "https://github.com/slsa-framework/slsa-verifier/releases/download/v2.7.1/slsa-verifier-linux-amd64.intoto.jsonl"

[tools.slsa-verifier."platforms.macos-arm64"]
checksum = "sha256:39abfcf5f1d690c3e889ce3d2d6a8b87711424d83368511868d414e8f8bcb05c"
url = "https://github.com/slsa-framework/slsa-verifier/releases/download/v2.7.1/slsa-verifier-darwin-arm64"

[tools.slsa-verifier."platforms.macos-arm64".provenance.slsa]
url = "https://github.com/slsa-framework/slsa-verifier/releases/download/v2.7.1/slsa-verifier-darwin-arm64.intoto.jsonl"

[tools.slsa-verifier."platforms.macos-x64"]
checksum = "sha256:4baf25415727821f847a38bccedc86c3e5b17cbfc2eb534cd554feb6c856d6f1"
url = "https://github.com/slsa-framework/slsa-verifier/releases/download/v2.7.1/slsa-verifier-darwin-amd64"

[tools.slsa-verifier."platforms.macos-x64".provenance.slsa]
url = "https://github.com/slsa-framework/slsa-verifier/releases/download/v2.7.1/slsa-verifier-darwin-amd64.intoto.jsonl"

[tools.slsa-verifier."platforms.macos-x64-baseline"]
checksum = "sha256:4baf25415727821f847a38bccedc86c3e5b17cbfc2eb534cd554feb6c856d6f1"
url = "https://github.com/slsa-framework/slsa-verifier/releases/download/v2.7.1/slsa-verifier-darwin-amd64"

[tools.slsa-verifier."platforms.macos-x64-baseline".provenance.slsa]
url = "https://github.com/slsa-framework/slsa-verifier/releases/download/v2.7.1/slsa-verifier-darwin-amd64.intoto.jsonl"

[tools.slsa-verifier."platforms.windows-x64"]
checksum = "sha256:1d8f61ad747ecc3d375d2a563cebf2991748b7da1a9bda9a500804c3c499e3c0"
url = "https://github.com/slsa-framework/slsa-verifier/releases/download/v2.7.1/slsa-verifier-windows-amd64.exe"

[tools.slsa-verifier."platforms.windows-x64".provenance.slsa]
url = "https://github.com/slsa-framework/slsa-verifier/releases/download/v2.7.1/slsa-verifier-windows-amd64.exe.intoto.jsonl"

[tools.slsa-verifier."platforms.windows-x64-baseline"]
checksum = "sha256:1d8f61ad747ecc3d375d2a563cebf2991748b7da1a9bda9a500804c3c499e3c0"
url = "https://github.com/slsa-framework/slsa-verifier/releases/download/v2.7.1/slsa-verifier-windows-amd64.exe"

[tools.slsa-verifier."platforms.windows-x64-baseline".provenance.slsa]
url = "https://github.com/slsa-framework/slsa-verifier/releases/download/v2.7.1/slsa-verifier-windows-amd64.exe.intoto.jsonl"

[[tools.usage]]
version = "3.2.1"
backend = "aqua:jdx/usage"

[tools.usage."platforms.linux-arm64"]
checksum = "sha256:c5a237c272e3b08d05a698aa37e6775ab36152e12e74084363c7a230d9fc7070"
url = "https://github.com/jdx/usage/releases/download/v3.2.1/usage-aarch64-unknown-linux-musl.tar.gz"

[tools.usage."platforms.linux-arm64-musl"]
checksum = "sha256:c5a237c272e3b08d05a698aa37e6775ab36152e12e74084363c7a230d9fc7070"
url = "https://github.com/jdx/usage/releases/download/v3.2.1/usage-aarch64-unknown-linux-musl.tar.gz"

[tools.usage."platforms.linux-x64"]
checksum = "sha256:aea16298c6fa7d13e10a04ce7a9e7c743a1d49151a7065aa3f80697c56a89452"
url = "https://github.com/jdx/usage/releases/download/v3.2.1/usage-x86_64-unknown-linux-musl.tar.gz"

[tools.usage."platforms.linux-x64-baseline"]
checksum = "sha256:aea16298c6fa7d13e10a04ce7a9e7c743a1d49151a7065aa3f80697c56a89452"
url = "https://github.com/jdx/usage/releases/download/v3.2.1/usage-x86_64-unknown-linux-musl.tar.gz"

[tools.usage."platforms.linux-x64-musl"]
checksum = "sha256:aea16298c6fa7d13e10a04ce7a9e7c743a1d49151a7065aa3f80697c56a89452"
url = "https://github.com/jdx/usage/releases/download/v3.2.1/usage-x86_64-unknown-linux-musl.tar.gz"

[tools.usage."platforms.linux-x64-musl-baseline"]
checksum = "sha256:aea16298c6fa7d13e10a04ce7a9e7c743a1d49151a7065aa3f80697c56a89452"
url = "https://github.com/jdx/usage/releases/download/v3.2.1/usage-x86_64-unknown-linux-musl.tar.gz"

[tools.usage."platforms.macos-arm64"]
checksum = "sha256:94c0b8a913618e24c0bc8002a688112210ec3f5e8bbb5431a2687eed9fad2dff"
url = "https://github.com/jdx/usage/releases/download/v3.2.1/usage-universal-apple-darwin.tar.gz"

[tools.usage."platforms.macos-x64"]
checksum = "sha256:94c0b8a913618e24c0bc8002a688112210ec3f5e8bbb5431a2687eed9fad2dff"
url = "https://github.com/jdx/usage/releases/download/v3.2.1/usage-universal-apple-darwin.tar.gz"

[tools.usage."platforms.macos-x64-baseline"]
checksum = "sha256:94c0b8a913618e24c0bc8002a688112210ec3f5e8bbb5431a2687eed9fad2dff"
url = "https://github.com/jdx/usage/releases/download/v3.2.1/usage-universal-apple-darwin.tar.gz"

[tools.usage."platforms.windows-x64"]
checksum = "sha256:9ac550ddcb67c1bb30e76fbf04126d50704004fc7850e7fa1aaa6994ce4601f5"
url = "https://github.com/jdx/usage/releases/download/v3.2.1/usage-x86_64-pc-windows-msvc.zip"

[tools.usage."platforms.windows-x64-baseline"]
checksum = "sha256:9ac550ddcb67c1bb30e76fbf04126d50704004fc7850e7fa1aaa6994ce4601f5"
url = "https://github.com/jdx/usage/releases/download/v3.2.1/usage-x86_64-pc-windows-msvc.zip"

[[tools.uv]]
version = "0.11.7"
backend = "aqua:astral-sh/uv"

[tools.uv."platforms.linux-arm64"]
checksum = "sha256:46647dc16cbb7d6700f762fdd7a67d220abe18570914732bc310adc91308d272"
url = "https://github.com/astral-sh/uv/releases/download/0.11.7/uv-aarch64-unknown-linux-musl.tar.gz"

[tools.uv."platforms.linux-arm64-musl"]
checksum = "sha256:46647dc16cbb7d6700f762fdd7a67d220abe18570914732bc310adc91308d272"
url = "https://github.com/astral-sh/uv/releases/download/0.11.7/uv-aarch64-unknown-linux-musl.tar.gz"

[tools.uv."platforms.linux-x64"]
checksum = "sha256:64ddb5f1087649e3f75aa50d139aa4f36ddde728a5295a141e0fa9697bfb7b0f"
url = "https://github.com/astral-sh/uv/releases/download/0.11.7/uv-x86_64-unknown-linux-musl.tar.gz"

[tools.uv."platforms.linux-x64-baseline"]
checksum = "sha256:64ddb5f1087649e3f75aa50d139aa4f36ddde728a5295a141e0fa9697bfb7b0f"
url = "https://github.com/astral-sh/uv/releases/download/0.11.7/uv-x86_64-unknown-linux-musl.tar.gz"

[tools.uv."platforms.linux-x64-musl"]
checksum = "sha256:64ddb5f1087649e3f75aa50d139aa4f36ddde728a5295a141e0fa9697bfb7b0f"
url = "https://github.com/astral-sh/uv/releases/download/0.11.7/uv-x86_64-unknown-linux-musl.tar.gz"

[tools.uv."platforms.linux-x64-musl-baseline"]
checksum = "sha256:64ddb5f1087649e3f75aa50d139aa4f36ddde728a5295a141e0fa9697bfb7b0f"
url = "https://github.com/astral-sh/uv/releases/download/0.11.7/uv-x86_64-unknown-linux-musl.tar.gz"

[tools.uv."platforms.macos-arm64"]
checksum = "sha256:66e37d91f839e12481d7b932a1eccbfe732560f42c1cfb89faddfa2454534ba8"
url = "https://github.com/astral-sh/uv/releases/download/0.11.7/uv-aarch64-apple-darwin.tar.gz"

[tools.uv."platforms.macos-x64"]
checksum = "sha256:0a4bc8fcde4974ea3560be21772aeecab600a6f43fa6e58169f9fa7b3b71d302"
url = "https://github.com/astral-sh/uv/releases/download/0.11.7/uv-x86_64-apple-darwin.tar.gz"

[tools.uv."platforms.macos-x64-baseline"]
checksum = "sha256:0a4bc8fcde4974ea3560be21772aeecab600a6f43fa6e58169f9fa7b3b71d302"
url = "https://github.com/astral-sh/uv/releases/download/0.11.7/uv-x86_64-apple-darwin.tar.gz"

[tools.uv."platforms.windows-x64"]
checksum = "sha256:fe0c7815acf4fc45f8a5eff58ed3cf7ae2e15c3cf1dceadbd10c816ec1690cc1"
url = "https://github.com/astral-sh/uv/releases/download/0.11.7/uv-x86_64-pc-windows-msvc.zip"

[tools.uv."platforms.windows-x64-baseline"]
checksum = "sha256:fe0c7815acf4fc45f8a5eff58ed3cf7ae2e15c3cf1dceadbd10c816ec1690cc1"
url = "https://github.com/astral-sh/uv/releases/download/0.11.7/uv-x86_64-pc-windows-msvc.zip"

[[tools.zig]]
version = "0.16.0"
backend = "core:zig"

[tools.zig."platforms.linux-arm64"]
checksum = "sha256:ea4b09bfb22ec6f6c6ceac57ab63efb6b46e17ab08d21f69f3a48b38e1534f17"
url = "https://ziglang.org/download/0.16.0/zig-aarch64-linux-0.16.0.tar.xz"

[tools.zig."platforms.linux-arm64-musl"]
checksum = "sha256:ea4b09bfb22ec6f6c6ceac57ab63efb6b46e17ab08d21f69f3a48b38e1534f17"
url = "https://ziglang.org/download/0.16.0/zig-aarch64-linux-0.16.0.tar.xz"

[tools.zig."platforms.linux-x64"]
checksum = "sha256:70e49664a74374b48b51e6f3fdfbf437f6395d42509050588bd49abe52ba3d00"
url = "https://ziglang.org/download/0.16.0/zig-x86_64-linux-0.16.0.tar.xz"

[tools.zig."platforms.linux-x64-baseline"]
checksum = "sha256:70e49664a74374b48b51e6f3fdfbf437f6395d42509050588bd49abe52ba3d00"
url = "https://ziglang.org/download/0.16.0/zig-x86_64-linux-0.16.0.tar.xz"

[tools.zig."platforms.linux-x64-musl"]
checksum = "sha256:70e49664a74374b48b51e6f3fdfbf437f6395d42509050588bd49abe52ba3d00"
url = "https://ziglang.org/download/0.16.0/zig-x86_64-linux-0.16.0.tar.xz"

[tools.zig."platforms.linux-x64-musl-baseline"]
checksum = "sha256:70e49664a74374b48b51e6f3fdfbf437f6395d42509050588bd49abe52ba3d00"
url = "https://ziglang.org/download/0.16.0/zig-x86_64-linux-0.16.0.tar.xz"

[tools.zig."platforms.macos-arm64"]
checksum = "sha256:b23d70deaa879b5c2d486ed3316f7eaa53e84acf6fc9cc747de152450d401489"
url = "https://ziglang.org/download/0.16.0/zig-aarch64-macos-0.16.0.tar.xz"

[tools.zig."platforms.macos-x64"]
checksum = "sha256:0387557ed1877bc6a2e1802c8391953baddba76081876301c522f52977b52ba7"
url = "https://ziglang.org/download/0.16.0/zig-x86_64-macos-0.16.0.tar.xz"

[tools.zig."platforms.macos-x64-baseline"]
checksum = "sha256:0387557ed1877bc6a2e1802c8391953baddba76081876301c522f52977b52ba7"
url = "https://ziglang.org/download/0.16.0/zig-x86_64-macos-0.16.0.tar.xz"

[tools.zig."platforms.windows-x64"]
checksum = "sha256:68659eb5f1e4eb1437a722f1dd889c5a322c9954607f5edcf337bc3684a75a7e"
url = "https://ziglang.org/download/0.16.0/zig-x86_64-windows-0.16.0.zip"

[tools.zig."platforms.windows-x64-baseline"]
checksum = "sha256:68659eb5f1e4eb1437a722f1dd889c5a322c9954607f5edcf337bc3684a75a7e"
url = "https://ziglang.org/download/0.16.0/zig-x86_64-windows-0.16.0.zip"
